// !$*UTF8*$!
{
	archiveVersion = 1;
	classes = {
	};
	objectVersion = 50;
	objects = {

/* Begin PBXBuildFile section */
		A62F24A521D6E3480002651B /* DocumentDisplayViewController.swift in Sources */ = {isa = PBXBuildFile; fileRef = A62F24A421D6E3480002651B /* DocumentDisplayViewController.swift */; };
		A631812921D1720C00D06532 /* AppDelegate.swift in Sources */ = {isa = PBXBuildFile; fileRef = A631812821D1720C00D06532 /* AppDelegate.swift */; };
		A631812B21D1720C00D06532 /* RootController.swift in Sources */ = {isa = PBXBuildFile; fileRef = A631812A21D1720C00D06532 /* RootController.swift */; };
		A631812E21D1720C00D06532 /* Main.storyboard in Resources */ = {isa = PBXBuildFile; fileRef = A631812C21D1720C00D06532 /* Main.storyboard */; };
		A631813121D1720C00D06532 /* efbware.xcdatamodeld in Sources */ = {isa = PBXBuildFile; fileRef = A631812F21D1720C00D06532 /* efbware.xcdatamodeld */; };
		A631813321D1720E00D06532 /* Assets.xcassets in Resources */ = {isa = PBXBuildFile; fileRef = A631813221D1720E00D06532 /* Assets.xcassets */; };
		A631813621D1720E00D06532 /* LaunchScreen.storyboard in Resources */ = {isa = PBXBuildFile; fileRef = A631813421D1720E00D06532 /* LaunchScreen.storyboard */; };
		A631814121D1720E00D06532 /* efbwareTests.swift in Sources */ = {isa = PBXBuildFile; fileRef = A631814021D1720E00D06532 /* efbwareTests.swift */; };
		A631815021D1749100D06532 /* Logger.swift in Sources */ = {isa = PBXBuildFile; fileRef = A631814E21D1749100D06532 /* Logger.swift */; };
		A631815121D1749100D06532 /* FileSystemService.swift in Sources */ = {isa = PBXBuildFile; fileRef = A631814F21D1749100D06532 /* FileSystemService.swift */; };
		A631815321D1751700D06532 /* Constants.swift in Sources */ = {isa = PBXBuildFile; fileRef = A631815221D1751700D06532 /* Constants.swift */; };
		A631815621D1765A00D06532 /* LoginController.swift in Sources */ = {isa = PBXBuildFile; fileRef = A631815521D1765A00D06532 /* LoginController.swift */; };
		A631815821D1767A00D06532 /* DocumentsViewController.swift in Sources */ = {isa = PBXBuildFile; fileRef = A631815721D1767A00D06532 /* DocumentsViewController.swift */; };
		A631815A21D1769100D06532 /* TechlogViewController.swift in Sources */ = {isa = PBXBuildFile; fileRef = A631815921D1769100D06532 /* TechlogViewController.swift */; };
		A631815C21D176A200D06532 /* SettingsViewController.swift in Sources */ = {isa = PBXBuildFile; fileRef = A631815B21D176A200D06532 /* SettingsViewController.swift */; };
		A631816421D17E7800D06532 /* Parser.swift in Sources */ = {isa = PBXBuildFile; fileRef = A631815E21D17E7800D06532 /* Parser.swift */; };
		A631816521D17E7800D06532 /* Element.swift in Sources */ = {isa = PBXBuildFile; fileRef = A631815F21D17E7800D06532 /* Element.swift */; };
		A631816621D17E7800D06532 /* Document.swift in Sources */ = {isa = PBXBuildFile; fileRef = A631816021D17E7800D06532 /* Document.swift */; };
		A631816721D17E7800D06532 /* Error.swift in Sources */ = {isa = PBXBuildFile; fileRef = A631816121D17E7800D06532 /* Error.swift */; };
		A631816821D17E7800D06532 /* Options.swift in Sources */ = {isa = PBXBuildFile; fileRef = A631816321D17E7800D06532 /* Options.swift */; };
		A631816E21D180A400D06532 /* LoginData.swift in Sources */ = {isa = PBXBuildFile; fileRef = A631816D21D180A400D06532 /* LoginData.swift */; };
		A631817021D1842300D06532 /* DokaService.swift in Sources */ = {isa = PBXBuildFile; fileRef = A631816F21D1842300D06532 /* DokaService.swift */; };
		A631817321D1851400D06532 /* LoginRequest.swift in Sources */ = {isa = PBXBuildFile; fileRef = A631817221D1851400D06532 /* LoginRequest.swift */; };
		A631817521D1978200D06532 /* HttpService.swift in Sources */ = {isa = PBXBuildFile; fileRef = A631817421D1978200D06532 /* HttpService.swift */; };
		A631817721D1A26700D06532 /* XmlUtils.swift in Sources */ = {isa = PBXBuildFile; fileRef = A631817621D1A26700D06532 /* XmlUtils.swift */; };
		A631817921D1A31300D06532 /* DocumentRequest.swift in Sources */ = {isa = PBXBuildFile; fileRef = A631817821D1A31300D06532 /* DocumentRequest.swift */; };
		A631817B21D1A34000D06532 /* DocumentRequestData.swift in Sources */ = {isa = PBXBuildFile; fileRef = A631817A21D1A34000D06532 /* DocumentRequestData.swift */; };
		A631817D21D1B2E100D06532 /* DocumentData.swift in Sources */ = {isa = PBXBuildFile; fileRef = A631817C21D1B2E100D06532 /* DocumentData.swift */; };
		A64813B921D56703006AEDD4 /* ConnectionPool.swift in Sources */ = {isa = PBXBuildFile; fileRef = A64813B821D56703006AEDD4 /* ConnectionPool.swift */; };
		A64813BB21D567DF006AEDD4 /* DatabaseConnection.swift in Sources */ = {isa = PBXBuildFile; fileRef = A64813BA21D567DF006AEDD4 /* DatabaseConnection.swift */; };
		A66A252221D81A4B00A1CFE5 /* ImageWithGif.swift in Sources */ = {isa = PBXBuildFile; fileRef = A66A252121D81A4B00A1CFE5 /* ImageWithGif.swift */; };
		A66AE29C21D3DBD200A22B7A /* DatabaseFacade.swift in Sources */ = {isa = PBXBuildFile; fileRef = A66AE29B21D3DBD200A22B7A /* DatabaseFacade.swift */; };
		A66AE29E21D3FA7F00A22B7A /* DocumentStatus.swift in Sources */ = {isa = PBXBuildFile; fileRef = A66AE29D21D3FA7F00A22B7A /* DocumentStatus.swift */; };
		A66AE2A121D4297000A22B7A /* DocumentService.swift in Sources */ = {isa = PBXBuildFile; fileRef = A66AE2A021D4297000A22B7A /* DocumentService.swift */; };
		A66AE2A421D4353600A22B7A /* DatabaseError.swift in Sources */ = {isa = PBXBuildFile; fileRef = A66AE2A321D4353600A22B7A /* DatabaseError.swift */; };
		A66AE2A621D435E900A22B7A /* DocumentDao.swift in Sources */ = {isa = PBXBuildFile; fileRef = A66AE2A521D435E900A22B7A /* DocumentDao.swift */; };
		A66AE2AA21D444AB00A22B7A /* DocumentPartData.swift in Sources */ = {isa = PBXBuildFile; fileRef = A66AE2A921D444AB00A22B7A /* DocumentPartData.swift */; };
		A66AE2AC21D4456A00A22B7A /* DocumentPartStatus.swift in Sources */ = {isa = PBXBuildFile; fileRef = A66AE2AB21D4456A00A22B7A /* DocumentPartStatus.swift */; };
		A66AE2AE21D446E200A22B7A /* DocumentPartDao.swift in Sources */ = {isa = PBXBuildFile; fileRef = A66AE2AD21D446E200A22B7A /* DocumentPartDao.swift */; };
		A66AE2B021D461A100A22B7A /* DocumentPartRequest.swift in Sources */ = {isa = PBXBuildFile; fileRef = A66AE2AF21D461A100A22B7A /* DocumentPartRequest.swift */; };
		A66AE2B221D467B900A22B7A /* KeyUtils.swift in Sources */ = {isa = PBXBuildFile; fileRef = A66AE2B121D467B900A22B7A /* KeyUtils.swift */; };
		A66AE2B421D4805100A22B7A /* FileSystemError.swift in Sources */ = {isa = PBXBuildFile; fileRef = A66AE2B321D4805100A22B7A /* FileSystemError.swift */; };
		A69285EA21D7F4DE0039B0EC /* DocumentTableViewCell.swift in Sources */ = {isa = PBXBuildFile; fileRef = A69285E921D7F4DE0039B0EC /* DocumentTableViewCell.swift */; };
		A6C8ECEC21D6936C00EAA036 /* SqlType.swift in Sources */ = {isa = PBXBuildFile; fileRef = A6C8ECEB21D6936C00EAA036 /* SqlType.swift */; };
		A6C8ECEF21D6BCA400EAA036 /* SelectDocument.swift in Sources */ = {isa = PBXBuildFile; fileRef = A6C8ECEE21D6BCA400EAA036 /* SelectDocument.swift */; };
		A6C8ECF121D6C9D400EAA036 /* SelectDocumentPart.swift in Sources */ = {isa = PBXBuildFile; fileRef = A6C8ECF021D6C9D400EAA036 /* SelectDocumentPart.swift */; };
		A6F049E221D58CF0000C3C0C /* SdbcTemplate.swift in Sources */ = {isa = PBXBuildFile; fileRef = A6F049E121D58CF0000C3C0C /* SdbcTemplate.swift */; };
/* End PBXBuildFile section */

/* Begin PBXContainerItemProxy section */
		A631813D21D1720E00D06532 /* PBXContainerItemProxy */ = {
			isa = PBXContainerItemProxy;
			containerPortal = A631811D21D1720C00D06532 /* Project object */;
			proxyType = 1;
			remoteGlobalIDString = A631812421D1720C00D06532;
			remoteInfo = efbware;
		};
/* End PBXContainerItemProxy section */

/* Begin PBXFileReference section */
		A62F24A421D6E3480002651B /* DocumentDisplayViewController.swift */ = {isa = PBXFileReference; lastKnownFileType = sourcecode.swift; path = DocumentDisplayViewController.swift; sourceTree = "<group>"; };
		A631812521D1720C00D06532 /* efbware.app */ = {isa = PBXFileReference; explicitFileType = wrapper.application; includeInIndex = 0; path = efbware.app; sourceTree = BUILT_PRODUCTS_DIR; };
		A631812821D1720C00D06532 /* AppDelegate.swift */ = {isa = PBXFileReference; lastKnownFileType = sourcecode.swift; path = AppDelegate.swift; sourceTree = "<group>"; };
		A631812A21D1720C00D06532 /* RootController.swift */ = {isa = PBXFileReference; lastKnownFileType = sourcecode.swift; path = RootController.swift; sourceTree = "<group>"; };
		A631812D21D1720C00D06532 /* Base */ = {isa = PBXFileReference; lastKnownFileType = file.storyboard; name = Base; path = Base.lproj/Main.storyboard; sourceTree = "<group>"; };
		A631813021D1720C00D06532 /* efbware.xcdatamodel */ = {isa = PBXFileReference; lastKnownFileType = wrapper.xcdatamodel; path = efbware.xcdatamodel; sourceTree = "<group>"; };
		A631813221D1720E00D06532 /* Assets.xcassets */ = {isa = PBXFileReference; lastKnownFileType = folder.assetcatalog; path = Assets.xcassets; sourceTree = "<group>"; };
		A631813521D1720E00D06532 /* Base */ = {isa = PBXFileReference; lastKnownFileType = file.storyboard; name = Base; path = Base.lproj/LaunchScreen.storyboard; sourceTree = "<group>"; };
		A631813721D1720E00D06532 /* Info.plist */ = {isa = PBXFileReference; lastKnownFileType = text.plist.xml; path = Info.plist; sourceTree = "<group>"; };
		A631813C21D1720E00D06532 /* efbwareTests.xctest */ = {isa = PBXFileReference; explicitFileType = wrapper.cfbundle; includeInIndex = 0; path = efbwareTests.xctest; sourceTree = BUILT_PRODUCTS_DIR; };
		A631814021D1720E00D06532 /* efbwareTests.swift */ = {isa = PBXFileReference; lastKnownFileType = sourcecode.swift; path = efbwareTests.swift; sourceTree = "<group>"; };
		A631814221D1720E00D06532 /* Info.plist */ = {isa = PBXFileReference; lastKnownFileType = text.plist.xml; path = Info.plist; sourceTree = "<group>"; };
		A631814E21D1749100D06532 /* Logger.swift */ = {isa = PBXFileReference; fileEncoding = 4; lastKnownFileType = sourcecode.swift; path = Logger.swift; sourceTree = "<group>"; };
		A631814F21D1749100D06532 /* FileSystemService.swift */ = {isa = PBXFileReference; fileEncoding = 4; lastKnownFileType = sourcecode.swift; path = FileSystemService.swift; sourceTree = "<group>"; };
		A631815221D1751700D06532 /* Constants.swift */ = {isa = PBXFileReference; lastKnownFileType = sourcecode.swift; path = Constants.swift; sourceTree = "<group>"; };
		A631815521D1765A00D06532 /* LoginController.swift */ = {isa = PBXFileReference; lastKnownFileType = sourcecode.swift; path = LoginController.swift; sourceTree = "<group>"; };
		A631815721D1767A00D06532 /* DocumentsViewController.swift */ = {isa = PBXFileReference; lastKnownFileType = sourcecode.swift; path = DocumentsViewController.swift; sourceTree = "<group>"; };
		A631815921D1769100D06532 /* TechlogViewController.swift */ = {isa = PBXFileReference; lastKnownFileType = sourcecode.swift; path = TechlogViewController.swift; sourceTree = "<group>"; };
		A631815B21D176A200D06532 /* SettingsViewController.swift */ = {isa = PBXFileReference; lastKnownFileType = sourcecode.swift; path = SettingsViewController.swift; sourceTree = "<group>"; };
		A631815E21D17E7800D06532 /* Parser.swift */ = {isa = PBXFileReference; fileEncoding = 4; lastKnownFileType = sourcecode.swift; path = Parser.swift; sourceTree = "<group>"; };
		A631815F21D17E7800D06532 /* Element.swift */ = {isa = PBXFileReference; fileEncoding = 4; lastKnownFileType = sourcecode.swift; path = Element.swift; sourceTree = "<group>"; };
		A631816021D17E7800D06532 /* Document.swift */ = {isa = PBXFileReference; fileEncoding = 4; lastKnownFileType = sourcecode.swift; path = Document.swift; sourceTree = "<group>"; };
		A631816121D17E7800D06532 /* Error.swift */ = {isa = PBXFileReference; fileEncoding = 4; lastKnownFileType = sourcecode.swift; path = Error.swift; sourceTree = "<group>"; };
		A631816221D17E7800D06532 /* mrxml.h */ = {isa = PBXFileReference; fileEncoding = 4; lastKnownFileType = sourcecode.c.h; path = mrxml.h; sourceTree = "<group>"; };
		A631816321D17E7800D06532 /* Options.swift */ = {isa = PBXFileReference; fileEncoding = 4; lastKnownFileType = sourcecode.swift; path = Options.swift; sourceTree = "<group>"; };
		A631816D21D180A400D06532 /* LoginData.swift */ = {isa = PBXFileReference; fileEncoding = 4; lastKnownFileType = sourcecode.swift; path = LoginData.swift; sourceTree = "<group>"; };
		A631816F21D1842300D06532 /* DokaService.swift */ = {isa = PBXFileReference; lastKnownFileType = sourcecode.swift; path = DokaService.swift; sourceTree = "<group>"; };
		A631817221D1851400D06532 /* LoginRequest.swift */ = {isa = PBXFileReference; fileEncoding = 4; lastKnownFileType = sourcecode.swift; path = LoginRequest.swift; sourceTree = "<group>"; };
		A631817421D1978200D06532 /* HttpService.swift */ = {isa = PBXFileReference; lastKnownFileType = sourcecode.swift; path = HttpService.swift; sourceTree = "<group>"; };
		A631817621D1A26700D06532 /* XmlUtils.swift */ = {isa = PBXFileReference; lastKnownFileType = sourcecode.swift; path = XmlUtils.swift; sourceTree = "<group>"; };
		A631817821D1A31300D06532 /* DocumentRequest.swift */ = {isa = PBXFileReference; lastKnownFileType = sourcecode.swift; path = DocumentRequest.swift; sourceTree = "<group>"; };
		A631817A21D1A34000D06532 /* DocumentRequestData.swift */ = {isa = PBXFileReference; lastKnownFileType = sourcecode.swift; path = DocumentRequestData.swift; sourceTree = "<group>"; };
		A631817C21D1B2E100D06532 /* DocumentData.swift */ = {isa = PBXFileReference; lastKnownFileType = sourcecode.swift; path = DocumentData.swift; sourceTree = "<group>"; };
		A64813B821D56703006AEDD4 /* ConnectionPool.swift */ = {isa = PBXFileReference; lastKnownFileType = sourcecode.swift; path = ConnectionPool.swift; sourceTree = "<group>"; };
		A64813BA21D567DF006AEDD4 /* DatabaseConnection.swift */ = {isa = PBXFileReference; lastKnownFileType = sourcecode.swift; path = DatabaseConnection.swift; sourceTree = "<group>"; };
		A66A252121D81A4B00A1CFE5 /* ImageWithGif.swift */ = {isa = PBXFileReference; lastKnownFileType = sourcecode.swift; path = ImageWithGif.swift; sourceTree = "<group>"; };
		A66AE29B21D3DBD200A22B7A /* DatabaseFacade.swift */ = {isa = PBXFileReference; fileEncoding = 4; lastKnownFileType = sourcecode.swift; path = DatabaseFacade.swift; sourceTree = "<group>"; };
		A66AE29D21D3FA7F00A22B7A /* DocumentStatus.swift */ = {isa = PBXFileReference; lastKnownFileType = sourcecode.swift; path = DocumentStatus.swift; sourceTree = "<group>"; };
		A66AE2A021D4297000A22B7A /* DocumentService.swift */ = {isa = PBXFileReference; lastKnownFileType = sourcecode.swift; path = DocumentService.swift; sourceTree = "<group>"; };
		A66AE2A321D4353600A22B7A /* DatabaseError.swift */ = {isa = PBXFileReference; lastKnownFileType = sourcecode.swift; path = DatabaseError.swift; sourceTree = "<group>"; };
		A66AE2A521D435E900A22B7A /* DocumentDao.swift */ = {isa = PBXFileReference; lastKnownFileType = sourcecode.swift; path = DocumentDao.swift; sourceTree = "<group>"; };
		A66AE2A921D444AB00A22B7A /* DocumentPartData.swift */ = {isa = PBXFileReference; lastKnownFileType = sourcecode.swift; path = DocumentPartData.swift; sourceTree = "<group>"; };
		A66AE2AB21D4456A00A22B7A /* DocumentPartStatus.swift */ = {isa = PBXFileReference; lastKnownFileType = sourcecode.swift; path = DocumentPartStatus.swift; sourceTree = "<group>"; };
		A66AE2AD21D446E200A22B7A /* DocumentPartDao.swift */ = {isa = PBXFileReference; lastKnownFileType = sourcecode.swift; path = DocumentPartDao.swift; sourceTree = "<group>"; };
		A66AE2AF21D461A100A22B7A /* DocumentPartRequest.swift */ = {isa = PBXFileReference; lastKnownFileType = sourcecode.swift; path = DocumentPartRequest.swift; sourceTree = "<group>"; };
		A66AE2B121D467B900A22B7A /* KeyUtils.swift */ = {isa = PBXFileReference; lastKnownFileType = sourcecode.swift; path = KeyUtils.swift; sourceTree = "<group>"; };
		A66AE2B321D4805100A22B7A /* FileSystemError.swift */ = {isa = PBXFileReference; lastKnownFileType = sourcecode.swift; path = FileSystemError.swift; sourceTree = "<group>"; };
		A69285E921D7F4DE0039B0EC /* DocumentTableViewCell.swift */ = {isa = PBXFileReference; lastKnownFileType = sourcecode.swift; path = DocumentTableViewCell.swift; sourceTree = "<group>"; };
		A6C8ECEB21D6936C00EAA036 /* SqlType.swift */ = {isa = PBXFileReference; lastKnownFileType = sourcecode.swift; path = SqlType.swift; sourceTree = "<group>"; };
		A6C8ECEE21D6BCA400EAA036 /* SelectDocument.swift */ = {isa = PBXFileReference; lastKnownFileType = sourcecode.swift; path = SelectDocument.swift; sourceTree = "<group>"; };
		A6C8ECF021D6C9D400EAA036 /* SelectDocumentPart.swift */ = {isa = PBXFileReference; lastKnownFileType = sourcecode.swift; path = SelectDocumentPart.swift; sourceTree = "<group>"; };
		A6F049E121D58CF0000C3C0C /* SdbcTemplate.swift */ = {isa = PBXFileReference; lastKnownFileType = sourcecode.swift; path = SdbcTemplate.swift; sourceTree = "<group>"; };
/* End PBXFileReference section */

/* Begin PBXFrameworksBuildPhase section */
		A631812221D1720C00D06532 /* Frameworks */ = {
			isa = PBXFrameworksBuildPhase;
			buildActionMask = 2147483647;
			files = (
			);
			runOnlyForDeploymentPostprocessing = 0;
		};
		A631813921D1720E00D06532 /* Frameworks */ = {
			isa = PBXFrameworksBuildPhase;
			buildActionMask = 2147483647;
			files = (
			);
			runOnlyForDeploymentPostprocessing = 0;
		};
/* End PBXFrameworksBuildPhase section */

/* Begin PBXGroup section */
		A631811C21D1720C00D06532 = {
			isa = PBXGroup;
			children = (
				A66A251F21D819DA00A1CFE5 /* UI */,
				A6F049E021D58CCB000C3C0C /* Sdbc */,
				A66AE2A221D434E400A22B7A /* Dao */,
				A631817121D1850400D06532 /* Xml */,
				A631816C21D1809A00D06532 /* Data */,
				A631816921D17E9F00D06532 /* Service */,
				A631815D21D17E5E00D06532 /* Lib */,
				A631814D21D1747E00D06532 /* Util */,
				A631812721D1720C00D06532 /* efbware */,
				A631813F21D1720E00D06532 /* efbwareTests */,
				A631812621D1720C00D06532 /* Products */,
			);
			sourceTree = "<group>";
		};
		A631812621D1720C00D06532 /* Products */ = {
			isa = PBXGroup;
			children = (
				A631812521D1720C00D06532 /* efbware.app */,
				A631813C21D1720E00D06532 /* efbwareTests.xctest */,
			);
			name = Products;
			sourceTree = "<group>";
		};
		A631812721D1720C00D06532 /* efbware */ = {
			isa = PBXGroup;
			children = (
				A631812821D1720C00D06532 /* AppDelegate.swift */,
				A631812A21D1720C00D06532 /* RootController.swift */,
				A631812C21D1720C00D06532 /* Main.storyboard */,
				A631813221D1720E00D06532 /* Assets.xcassets */,
				A631813421D1720E00D06532 /* LaunchScreen.storyboard */,
				A631813721D1720E00D06532 /* Info.plist */,
				A631812F21D1720C00D06532 /* efbware.xcdatamodeld */,
			);
			path = efbware;
			sourceTree = "<group>";
		};
		A631813F21D1720E00D06532 /* efbwareTests */ = {
			isa = PBXGroup;
			children = (
				A631814021D1720E00D06532 /* efbwareTests.swift */,
				A631814221D1720E00D06532 /* Info.plist */,
			);
			path = efbwareTests;
			sourceTree = "<group>";
		};
		A631814D21D1747E00D06532 /* Util */ = {
			isa = PBXGroup;
			children = (
				A631814E21D1749100D06532 /* Logger.swift */,
				A631815221D1751700D06532 /* Constants.swift */,
				A66AE2B121D467B900A22B7A /* KeyUtils.swift */,
			);
			path = Util;
			sourceTree = "<group>";
		};
		A631815421D1764900D06532 /* Controllers */ = {
			isa = PBXGroup;
			children = (
				A631815521D1765A00D06532 /* LoginController.swift */,
				A631815721D1767A00D06532 /* DocumentsViewController.swift */,
				A631815921D1769100D06532 /* TechlogViewController.swift */,
				A631815B21D176A200D06532 /* SettingsViewController.swift */,
				A62F24A421D6E3480002651B /* DocumentDisplayViewController.swift */,
				A69285E921D7F4DE0039B0EC /* DocumentTableViewCell.swift */,
			);
			path = Controllers;
			sourceTree = "<group>";
		};
		A631815D21D17E5E00D06532 /* Lib */ = {
			isa = PBXGroup;
			children = (
				A631816021D17E7800D06532 /* Document.swift */,
				A631815F21D17E7800D06532 /* Element.swift */,
				A631816121D17E7800D06532 /* Error.swift */,
				A631816221D17E7800D06532 /* mrxml.h */,
				A631816321D17E7800D06532 /* Options.swift */,
				A631815E21D17E7800D06532 /* Parser.swift */,
			);
			path = Lib;
			sourceTree = "<group>";
		};
		A631816921D17E9F00D06532 /* Service */ = {
			isa = PBXGroup;
			children = (
				A631816F21D1842300D06532 /* DokaService.swift */,
				A631817421D1978200D06532 /* HttpService.swift */,
				A66AE29B21D3DBD200A22B7A /* DatabaseFacade.swift */,
				A631814F21D1749100D06532 /* FileSystemService.swift */,
				A66AE2A021D4297000A22B7A /* DocumentService.swift */,
				A66AE2B321D4805100A22B7A /* FileSystemError.swift */,
			);
			path = Service;
			sourceTree = "<group>";
		};
		A631816C21D1809A00D06532 /* Data */ = {
			isa = PBXGroup;
			children = (
				A631816D21D180A400D06532 /* LoginData.swift */,
				A631817A21D1A34000D06532 /* DocumentRequestData.swift */,
				A631817C21D1B2E100D06532 /* DocumentData.swift */,
				A66AE2A921D444AB00A22B7A /* DocumentPartData.swift */,
				A66AE29D21D3FA7F00A22B7A /* DocumentStatus.swift */,
				A66AE2AB21D4456A00A22B7A /* DocumentPartStatus.swift */,
			);
			path = Data;
			sourceTree = "<group>";
		};
		A631817121D1850400D06532 /* Xml */ = {
			isa = PBXGroup;
			children = (
				A631817221D1851400D06532 /* LoginRequest.swift */,
				A631817621D1A26700D06532 /* XmlUtils.swift */,
				A631817821D1A31300D06532 /* DocumentRequest.swift */,
				A66AE2AF21D461A100A22B7A /* DocumentPartRequest.swift */,
			);
			path = Xml;
			sourceTree = "<group>";
		};
		A66A251F21D819DA00A1CFE5 /* UI */ = {
			isa = PBXGroup;
			children = (
				A66A252021D81A1D00A1CFE5 /* Components */,
				A631815421D1764900D06532 /* Controllers */,
			);
			path = UI;
			sourceTree = "<group>";
		};
		A66A252021D81A1D00A1CFE5 /* Components */ = {
			isa = PBXGroup;
			children = (
				A66A252121D81A4B00A1CFE5 /* ImageWithGif.swift */,
			);
			path = Components;
			sourceTree = "<group>";
		};
		A66AE2A221D434E400A22B7A /* Dao */ = {
			isa = PBXGroup;
			children = (
				A6C8ECED21D6BC8700EAA036 /* Sql */,
				A66AE2A521D435E900A22B7A /* DocumentDao.swift */,
				A66AE2AD21D446E200A22B7A /* DocumentPartDao.swift */,
			);
			path = Dao;
			sourceTree = "<group>";
		};
		A6C8ECED21D6BC8700EAA036 /* Sql */ = {
			isa = PBXGroup;
			children = (
				A6C8ECEE21D6BCA400EAA036 /* SelectDocument.swift */,
				A6C8ECF021D6C9D400EAA036 /* SelectDocumentPart.swift */,
			);
			path = Sql;
			sourceTree = "<group>";
		};
		A6F049E021D58CCB000C3C0C /* Sdbc */ = {
			isa = PBXGroup;
			children = (
				A6F049E121D58CF0000C3C0C /* SdbcTemplate.swift */,
				A6C8ECEB21D6936C00EAA036 /* SqlType.swift */,
				A64813BA21D567DF006AEDD4 /* DatabaseConnection.swift */,
				A64813B821D56703006AEDD4 /* ConnectionPool.swift */,
				A66AE2A321D4353600A22B7A /* DatabaseError.swift */,
			);
			path = Sdbc;
			sourceTree = "<group>";
		};
/* End PBXGroup section */

/* Begin PBXNativeTarget section */
		A631812421D1720C00D06532 /* efbware */ = {
			isa = PBXNativeTarget;
			buildConfigurationList = A631814521D1720E00D06532 /* Build configuration list for PBXNativeTarget "efbware" */;
			buildPhases = (
				A631812121D1720C00D06532 /* Sources */,
				A631812221D1720C00D06532 /* Frameworks */,
				A631812321D1720C00D06532 /* Resources */,
			);
			buildRules = (
			);
			dependencies = (
			);
			name = efbware;
			productName = efbware;
			productReference = A631812521D1720C00D06532 /* efbware.app */;
			productType = "com.apple.product-type.application";
		};
		A631813B21D1720E00D06532 /* efbwareTests */ = {
			isa = PBXNativeTarget;
			buildConfigurationList = A631814821D1720E00D06532 /* Build configuration list for PBXNativeTarget "efbwareTests" */;
			buildPhases = (
				A631813821D1720E00D06532 /* Sources */,
				A631813921D1720E00D06532 /* Frameworks */,
				A631813A21D1720E00D06532 /* Resources */,
			);
			buildRules = (
			);
			dependencies = (
				A631813E21D1720E00D06532 /* PBXTargetDependency */,
			);
			name = efbwareTests;
			productName = efbwareTests;
			productReference = A631813C21D1720E00D06532 /* efbwareTests.xctest */;
			productType = "com.apple.product-type.bundle.unit-test";
		};
/* End PBXNativeTarget section */

/* Begin PBXProject section */
		A631811D21D1720C00D06532 /* Project object */ = {
			isa = PBXProject;
			attributes = {
				LastSwiftUpdateCheck = 1010;
				LastUpgradeCheck = 1010;
				ORGANIZATIONNAME = com.zarbafian;
				TargetAttributes = {
					A631812421D1720C00D06532 = {
						CreatedOnToolsVersion = 10.1;
					};
					A631813B21D1720E00D06532 = {
						CreatedOnToolsVersion = 10.1;
						TestTargetID = A631812421D1720C00D06532;
					};
				};
			};
			buildConfigurationList = A631812021D1720C00D06532 /* Build configuration list for PBXProject "efbware" */;
			compatibilityVersion = "Xcode 9.3";
			developmentRegion = en;
			hasScannedForEncodings = 0;
			knownRegions = (
				en,
				Base,
			);
			mainGroup = A631811C21D1720C00D06532;
			productRefGroup = A631812621D1720C00D06532 /* Products */;
			projectDirPath = "";
			projectRoot = "";
			targets = (
				A631812421D1720C00D06532 /* efbware */,
				A631813B21D1720E00D06532 /* efbwareTests */,
			);
		};
/* End PBXProject section */

/* Begin PBXResourcesBuildPhase section */
		A631812321D1720C00D06532 /* Resources */ = {
			isa = PBXResourcesBuildPhase;
			buildActionMask = 2147483647;
			files = (
				A631813621D1720E00D06532 /* LaunchScreen.storyboard in Resources */,
				A631813321D1720E00D06532 /* Assets.xcassets in Resources */,
				A631812E21D1720C00D06532 /* Main.storyboard in Resources */,
			);
			runOnlyForDeploymentPostprocessing = 0;
		};
		A631813A21D1720E00D06532 /* Resources */ = {
			isa = PBXResourcesBuildPhase;
			buildActionMask = 2147483647;
			files = (
			);
			runOnlyForDeploymentPostprocessing = 0;
		};
/* End PBXResourcesBuildPhase section */

/* Begin PBXSourcesBuildPhase section */
		A631812121D1720C00D06532 /* Sources */ = {
			isa = PBXSourcesBuildPhase;
			buildActionMask = 2147483647;
			files = (
				A631813121D1720C00D06532 /* efbware.xcdatamodeld in Sources */,
				A631816421D17E7800D06532 /* Parser.swift in Sources */,
				A631817321D1851400D06532 /* LoginRequest.swift in Sources */,
				A631816E21D180A400D06532 /* LoginData.swift in Sources */,
				A64813BB21D567DF006AEDD4 /* DatabaseConnection.swift in Sources */,
				A66AE2A121D4297000A22B7A /* DocumentService.swift in Sources */,
				A66AE2B421D4805100A22B7A /* FileSystemError.swift in Sources */,
				A66AE2A421D4353600A22B7A /* DatabaseError.swift in Sources */,
				A631816521D17E7800D06532 /* Element.swift in Sources */,
				A64813B921D56703006AEDD4 /* ConnectionPool.swift in Sources */,
				A66AE2A621D435E900A22B7A /* DocumentDao.swift in Sources */,
				A631815821D1767A00D06532 /* DocumentsViewController.swift in Sources */,
				A62F24A521D6E3480002651B /* DocumentDisplayViewController.swift in Sources */,
				A66AE29C21D3DBD200A22B7A /* DatabaseFacade.swift in Sources */,
				A69285EA21D7F4DE0039B0EC /* DocumentTableViewCell.swift in Sources */,
				A66AE2B221D467B900A22B7A /* KeyUtils.swift in Sources */,
				A66AE2B021D461A100A22B7A /* DocumentPartRequest.swift in Sources */,
				A631812B21D1720C00D06532 /* RootController.swift in Sources */,
				A66A252221D81A4B00A1CFE5 /* ImageWithGif.swift in Sources */,
				A631817021D1842300D06532 /* DokaService.swift in Sources */,
				A66AE2AA21D444AB00A22B7A /* DocumentPartData.swift in Sources */,
				A631815C21D176A200D06532 /* SettingsViewController.swift in Sources */,
				A631817521D1978200D06532 /* HttpService.swift in Sources */,
				A6F049E221D58CF0000C3C0C /* SdbcTemplate.swift in Sources */,
				A6C8ECEF21D6BCA400EAA036 /* SelectDocument.swift in Sources */,
				A631815121D1749100D06532 /* FileSystemService.swift in Sources */,
				A66AE2AC21D4456A00A22B7A /* DocumentPartStatus.swift in Sources */,
				A6C8ECF121D6C9D400EAA036 /* SelectDocumentPart.swift in Sources */,
				A631812921D1720C00D06532 /* AppDelegate.swift in Sources */,
				A631817D21D1B2E100D06532 /* DocumentData.swift in Sources */,
				A66AE29E21D3FA7F00A22B7A /* DocumentStatus.swift in Sources */,
				A631815A21D1769100D06532 /* TechlogViewController.swift in Sources */,
				A631816621D17E7800D06532 /* Document.swift in Sources */,
				A631817B21D1A34000D06532 /* DocumentRequestData.swift in Sources */,
				A631817921D1A31300D06532 /* DocumentRequest.swift in Sources */,
				A631815021D1749100D06532 /* Logger.swift in Sources */,
				A6C8ECEC21D6936C00EAA036 /* SqlType.swift in Sources */,
				A66AE2AE21D446E200A22B7A /* DocumentPartDao.swift in Sources */,
				A631817721D1A26700D06532 /* XmlUtils.swift in Sources */,
				A631815321D1751700D06532 /* Constants.swift in Sources */,
				A631816721D17E7800D06532 /* Error.swift in Sources */,
				A631816821D17E7800D06532 /* Options.swift in Sources */,
				A631815621D1765A00D06532 /* LoginController.swift in Sources */,
			);
			runOnlyForDeploymentPostprocessing = 0;
		};
		A631813821D1720E00D06532 /* Sources */ = {
			isa = PBXSourcesBuildPhase;
			buildActionMask = 2147483647;
			files = (
				A631814121D1720E00D06532 /* efbwareTests.swift in Sources */,
			);
			runOnlyForDeploymentPostprocessing = 0;
		};
/* End PBXSourcesBuildPhase section */

/* Begin PBXTargetDependency section */
		A631813E21D1720E00D06532 /* PBXTargetDependency */ = {
			isa = PBXTargetDependency;
			target = A631812421D1720C00D06532 /* efbware */;
			targetProxy = A631813D21D1720E00D06532 /* PBXContainerItemProxy */;
		};
/* End PBXTargetDependency section */

/* Begin PBXVariantGroup section */
		A631812C21D1720C00D06532 /* Main.storyboard */ = {
			isa = PBXVariantGroup;
			children = (
				A631812D21D1720C00D06532 /* Base */,
			);
			name = Main.storyboard;
			sourceTree = "<group>";
		};
		A631813421D1720E00D06532 /* LaunchScreen.storyboard */ = {
			isa = PBXVariantGroup;
			children = (
				A631813521D1720E00D06532 /* Base */,
			);
			name = LaunchScreen.storyboard;
			sourceTree = "<group>";
		};
/* End PBXVariantGroup section */

/* Begin XCBuildConfiguration section */
		A631814321D1720E00D06532 /* Debug */ = {
			isa = XCBuildConfiguration;
			buildSettings = {
				ALWAYS_SEARCH_USER_PATHS = NO;
				CLANG_ANALYZER_NONNULL = YES;
				CLANG_ANALYZER_NUMBER_OBJECT_CONVERSION = YES_AGGRESSIVE;
				CLANG_CXX_LANGUAGE_STANDARD = "gnu++14";
				CLANG_CXX_LIBRARY = "libc++";
				CLANG_ENABLE_MODULES = YES;
				CLANG_ENABLE_OBJC_ARC = YES;
				CLANG_ENABLE_OBJC_WEAK = YES;
				CLANG_WARN_BLOCK_CAPTURE_AUTORELEASING = YES;
				CLANG_WARN_BOOL_CONVERSION = YES;
				CLANG_WARN_COMMA = YES;
				CLANG_WARN_CONSTANT_CONVERSION = YES;
				CLANG_WARN_DEPRECATED_OBJC_IMPLEMENTATIONS = YES;
				CLANG_WARN_DIRECT_OBJC_ISA_USAGE = YES_ERROR;
				CLANG_WARN_DOCUMENTATION_COMMENTS = YES;
				CLANG_WARN_EMPTY_BODY = YES;
				CLANG_WARN_ENUM_CONVERSION = YES;
				CLANG_WARN_INFINITE_RECURSION = YES;
				CLANG_WARN_INT_CONVERSION = YES;
				CLANG_WARN_NON_LITERAL_NULL_CONVERSION = YES;
				CLANG_WARN_OBJC_IMPLICIT_RETAIN_SELF = YES;
				CLANG_WARN_OBJC_LITERAL_CONVERSION = YES;
				CLANG_WARN_OBJC_ROOT_CLASS = YES_ERROR;
				CLANG_WARN_RANGE_LOOP_ANALYSIS = YES;
				CLANG_WARN_STRICT_PROTOTYPES = YES;
				CLANG_WARN_SUSPICIOUS_MOVE = YES;
				CLANG_WARN_UNGUARDED_AVAILABILITY = YES_AGGRESSIVE;
				CLANG_WARN_UNREACHABLE_CODE = YES;
				CLANG_WARN__DUPLICATE_METHOD_MATCH = YES;
				CODE_SIGN_IDENTITY = "iPhone Developer";
				COPY_PHASE_STRIP = NO;
				DEBUG_INFORMATION_FORMAT = dwarf;
				ENABLE_STRICT_OBJC_MSGSEND = YES;
				ENABLE_TESTABILITY = YES;
				GCC_C_LANGUAGE_STANDARD = gnu11;
				GCC_DYNAMIC_NO_PIC = NO;
				GCC_NO_COMMON_BLOCKS = YES;
				GCC_OPTIMIZATION_LEVEL = 0;
				GCC_PREPROCESSOR_DEFINITIONS = (
					"DEBUG=1",
					"$(inherited)",
				);
				GCC_WARN_64_TO_32_BIT_CONVERSION = YES;
				GCC_WARN_ABOUT_RETURN_TYPE = YES_ERROR;
				GCC_WARN_UNDECLARED_SELECTOR = YES;
				GCC_WARN_UNINITIALIZED_AUTOS = YES_AGGRESSIVE;
				GCC_WARN_UNUSED_FUNCTION = YES;
				GCC_WARN_UNUSED_VARIABLE = YES;
				IPHONEOS_DEPLOYMENT_TARGET = 12.1;
				MTL_ENABLE_DEBUG_INFO = INCLUDE_SOURCE;
				MTL_FAST_MATH = YES;
				ONLY_ACTIVE_ARCH = YES;
				SDKROOT = iphoneos;
				SWIFT_ACTIVE_COMPILATION_CONDITIONS = DEBUG;
				SWIFT_OPTIMIZATION_LEVEL = "-Onone";
			};
			name = Debug;
		};
		A631814421D1720E00D06532 /* Release */ = {
			isa = XCBuildConfiguration;
			buildSettings = {
				ALWAYS_SEARCH_USER_PATHS = NO;
				CLANG_ANALYZER_NONNULL = YES;
				CLANG_ANALYZER_NUMBER_OBJECT_CONVERSION = YES_AGGRESSIVE;
				CLANG_CXX_LANGUAGE_STANDARD = "gnu++14";
				CLANG_CXX_LIBRARY = "libc++";
				CLANG_ENABLE_MODULES = YES;
				CLANG_ENABLE_OBJC_ARC = YES;
				CLANG_ENABLE_OBJC_WEAK = YES;
				CLANG_WARN_BLOCK_CAPTURE_AUTORELEASING = YES;
				CLANG_WARN_BOOL_CONVERSION = YES;
				CLANG_WARN_COMMA = YES;
				CLANG_WARN_CONSTANT_CONVERSION = YES;
				CLANG_WARN_DEPRECATED_OBJC_IMPLEMENTATIONS = YES;
				CLANG_WARN_DIRECT_OBJC_ISA_USAGE = YES_ERROR;
				CLANG_WARN_DOCUMENTATION_COMMENTS = YES;
				CLANG_WARN_EMPTY_BODY = YES;
				CLANG_WARN_ENUM_CONVERSION = YES;
				CLANG_WARN_INFINITE_RECURSION = YES;
				CLANG_WARN_INT_CONVERSION = YES;
				CLANG_WARN_NON_LITERAL_NULL_CONVERSION = YES;
				CLANG_WARN_OBJC_IMPLICIT_RETAIN_SELF = YES;
				CLANG_WARN_OBJC_LITERAL_CONVERSION = YES;
				CLANG_WARN_OBJC_ROOT_CLASS = YES_ERROR;
				CLANG_WARN_RANGE_LOOP_ANALYSIS = YES;
				CLANG_WARN_STRICT_PROTOTYPES = YES;
				CLANG_WARN_SUSPICIOUS_MOVE = YES;
				CLANG_WARN_UNGUARDED_AVAILABILITY = YES_AGGRESSIVE;
				CLANG_WARN_UNREACHABLE_CODE = YES;
				CLANG_WARN__DUPLICATE_METHOD_MATCH = YES;
				CODE_SIGN_IDENTITY = "iPhone Developer";
				COPY_PHASE_STRIP = NO;
				DEBUG_INFORMATION_FORMAT = "dwarf-with-dsym";
				ENABLE_NS_ASSERTIONS = NO;
				ENABLE_STRICT_OBJC_MSGSEND = YES;
				GCC_C_LANGUAGE_STANDARD = gnu11;
				GCC_NO_COMMON_BLOCKS = YES;
				GCC_WARN_64_TO_32_BIT_CONVERSION = YES;
				GCC_WARN_ABOUT_RETURN_TYPE = YES_ERROR;
				GCC_WARN_UNDECLARED_SELECTOR = YES;
				GCC_WARN_UNINITIALIZED_AUTOS = YES_AGGRESSIVE;
				GCC_WARN_UNUSED_FUNCTION = YES;
				GCC_WARN_UNUSED_VARIABLE = YES;
				IPHONEOS_DEPLOYMENT_TARGET = 12.1;
				MTL_ENABLE_DEBUG_INFO = NO;
				MTL_FAST_MATH = YES;
				SDKROOT = iphoneos;
				SWIFT_COMPILATION_MODE = wholemodule;
				SWIFT_OPTIMIZATION_LEVEL = "-O";
				VALIDATE_PRODUCT = YES;
			};
			name = Release;
		};
		A631814621D1720E00D06532 /* Debug */ = {
			isa = XCBuildConfiguration;
			buildSettings = {
				ASSETCATALOG_COMPILER_APPICON_NAME = AppIcon;
				CODE_SIGN_STYLE = Automatic;
				DEVELOPMENT_TEAM = L63GD2H53B;
				INFOPLIST_FILE = efbware/Info.plist;
				LD_RUNPATH_SEARCH_PATHS = (
					"$(inherited)",
					"@executable_path/Frameworks",
				);
				PRODUCT_BUNDLE_IDENTIFIER = com.zarbafian.efbware;
				PRODUCT_NAME = "$(TARGET_NAME)";
				SWIFT_VERSION = 4.2;
				TARGETED_DEVICE_FAMILY = "1,2";
			};
			name = Debug;
		};
		A631814721D1720E00D06532 /* Release */ = {
			isa = XCBuildConfiguration;
			buildSettings = {
				ASSETCATALOG_COMPILER_APPICON_NAME = AppIcon;
				CODE_SIGN_STYLE = Automatic;
				DEVELOPMENT_TEAM = L63GD2H53B;
				INFOPLIST_FILE = efbware/Info.plist;
				LD_RUNPATH_SEARCH_PATHS = (
					"$(inherited)",
					"@executable_path/Frameworks",
				);
				PRODUCT_BUNDLE_IDENTIFIER = com.zarbafian.efbware;
				PRODUCT_NAME = "$(TARGET_NAME)";
				SWIFT_VERSION = 4.2;
				TARGETED_DEVICE_FAMILY = "1,2";
			};
			name = Release;
		};
		A631814921D1720E00D06532 /* Debug */ = {
			isa = XCBuildConfiguration;
			buildSettings = {
				ALWAYS_EMBED_SWIFT_STANDARD_LIBRARIES = YES;
				BUNDLE_LOADER = "$(TEST_HOST)";
				CODE_SIGN_STYLE = Automatic;
				DEVELOPMENT_TEAM = L63GD2H53B;
				INFOPLIST_FILE = efbwareTests/Info.plist;
				LD_RUNPATH_SEARCH_PATHS = (
					"$(inherited)",
					"@executable_path/Frameworks",
					"@loader_path/Frameworks",
				);
				PRODUCT_BUNDLE_IDENTIFIER = com.zarbafian.efbwareTests;
				PRODUCT_NAME = "$(TARGET_NAME)";
				SWIFT_VERSION = 4.2;
				TARGETED_DEVICE_FAMILY = "1,2";
				TEST_HOST = "$(BUILT_PRODUCTS_DIR)/efbware.app/efbware";
			};
			name = Debug;
		};
		A631814A21D1720E00D06532 /* Release */ = {
			isa = XCBuildConfiguration;
			buildSettings = {
				ALWAYS_EMBED_SWIFT_STANDARD_LIBRARIES = YES;
				BUNDLE_LOADER = "$(TEST_HOST)";
				CODE_SIGN_STYLE = Automatic;
				DEVELOPMENT_TEAM = L63GD2H53B;
				INFOPLIST_FILE = efbwareTests/Info.plist;
				LD_RUNPATH_SEARCH_PATHS = (
					"$(inherited)",
					"@executable_path/Frameworks",
					"@loader_path/Frameworks",
				);
				PRODUCT_BUNDLE_IDENTIFIER = com.zarbafian.efbwareTests;
				PRODUCT_NAME = "$(TARGET_NAME)";
				SWIFT_VERSION = 4.2;
				TARGETED_DEVICE_FAMILY = "1,2";
				TEST_HOST = "$(BUILT_PRODUCTS_DIR)/efbware.app/efbware";
			};
			name = Release;
		};
/* End XCBuildConfiguration section */

/* Begin XCConfigurationList section */
		A631812021D1720C00D06532 /* Build configuration list for PBXProject "efbware" */ = {
			isa = XCConfigurationList;
			buildConfigurations = (
				A631814321D1720E00D06532 /* Debug */,
				A631814421D1720E00D06532 /* Release */,
			);
			defaultConfigurationIsVisible = 0;
			defaultConfigurationName = Release;
		};
		A631814521D1720E00D06532 /* Build configuration list for PBXNativeTarget "efbware" */ = {
			isa = XCConfigurationList;
			buildConfigurations = (
				A631814621D1720E00D06532 /* Debug */,
				A631814721D1720E00D06532 /* Release */,
			);
			defaultConfigurationIsVisible = 0;
			defaultConfigurationName = Release;
		};
		A631814821D1720E00D06532 /* Build configuration list for PBXNativeTarget "efbwareTests" */ = {
			isa = XCConfigurationList;
			buildConfigurations = (
				A631814921D1720E00D06532 /* Debug */,
				A631814A21D1720E00D06532 /* Release */,
			);
			defaultConfigurationIsVisible = 0;
			defaultConfigurationName = Release;
		};
/* End XCConfigurationList section */

/* Begin XCVersionGroup section */
		A631812F21D1720C00D06532 /* efbware.xcdatamodeld */ = {
			isa = XCVersionGroup;
			children = (
				A631813021D1720C00D06532 /* efbware.xcdatamodel */,
			);
			currentVersion = A631813021D1720C00D06532 /* efbware.xcdatamodel */;
			path = efbware.xcdatamodeld;
			sourceTree = "<group>";
			versionGroupType = wrapper.xcdatamodel;
		};
/* End XCVersionGroup section */
	};
	rootObject = A631811D21D1720C00D06532 /* Project object */;
}
